// !$*UTF8*$!
{
	archiveVersion = 1;
	classes = {
	};
	objectVersion = 46;
	objects = {

/* Begin PBXBuildFile section */
		426BD1D71D1DE0D800980965 /* AppDelegate.swift in Sources */ = {isa = PBXBuildFile; fileRef = 426BD1D61D1DE0D800980965 /* AppDelegate.swift */; };
		426BD1D91D1DE0D800980965 /* ViewController.swift in Sources */ = {isa = PBXBuildFile; fileRef = 426BD1D81D1DE0D800980965 /* ViewController.swift */; };
		426BD1DC1D1DE0D800980965 /* Main.storyboard in Resources */ = {isa = PBXBuildFile; fileRef = 426BD1DA1D1DE0D800980965 /* Main.storyboard */; };
		426BD1DE1D1DE0D800980965 /* Assets.xcassets in Resources */ = {isa = PBXBuildFile; fileRef = 426BD1DD1D1DE0D800980965 /* Assets.xcassets */; };
		426BD1E11D1DE0D800980965 /* LaunchScreen.storyboard in Resources */ = {isa = PBXBuildFile; fileRef = 426BD1DF1D1DE0D800980965 /* LaunchScreen.storyboard */; };
/* End PBXBuildFile section */

/* Begin PBXFileReference section */
		426BD1D31D1DE0D800980965 /* TipCalculator.app */ = {isa = PBXFileReference; explicitFileType = wrapper.application; includeInIndex = 0; path = TipCalculator.app; sourceTree = BUILT_PRODUCTS_DIR; };
		426BD1D61D1DE0D800980965 /* AppDelegate.swift */ = {isa = PBXFileReference; lastKnownFileType = sourcecode.swift; path = AppDelegate.swift; sourceTree = "<group>"; };
		426BD1D81D1DE0D800980965 /* ViewController.swift */ = {isa = PBXFileReference; lastKnownFileType = sourcecode.swift; path = ViewController.swift; sourceTree = "<group>"; };
		426BD1DB1D1DE0D800980965 /* Base */ = {isa = PBXFileReference; lastKnownFileType = file.storyboard; name = Base; path = Base.lproj/Main.storyboard; sourceTree = "<group>"; };
		426BD1DD1D1DE0D800980965 /* Assets.xcassets */ = {isa = PBXFileReference; lastKnownFileType = folder.assetcatalog; path = Assets.xcassets; sourceTree = "<group>"; };
		426BD1E01D1DE0D800980965 /* Base */ = {isa = PBXFileReference; lastKnownFileType = file.storyboard; name = Base; path = Base.lproj/LaunchScreen.storyboard; sourceTree = "<group>"; };
		426BD1E21D1DE0D800980965 /* Info.plist */ = {isa = PBXFileReference; lastKnownFileType = text.plist.xml; path = Info.plist; sourceTree = "<group>"; };
		426BD1E81D1DE38E00980965 /* Bangla MN.ttf */ = {isa = PBXFileReference; lastKnownFileType = file; path = "Bangla MN.ttf"; sourceTree = "<group>"; };
/* End PBXFileReference section */

/* Begin PBXFrameworksBuildPhase section */
		426BD1D01D1DE0D800980965 /* Frameworks */ = {
			isa = PBXFrameworksBuildPhase;
			buildActionMask = 2147483647;
			files = (
			);
			runOnlyForDeploymentPostprocessing = 0;
		};
/* End PBXFrameworksBuildPhase section */

/* Begin PBXGroup section */
		426BD1CA1D1DE0D800980965 = {
			isa = PBXGroup;
			children = (
				426BD1D51D1DE0D800980965 /* TipCalculator */,
				426BD1D41D1DE0D800980965 /* Products */,
			);
			sourceTree = "<group>";
		};
		426BD1D41D1DE0D800980965 /* Products */ = {
			isa = PBXGroup;
			children = (
				426BD1D31D1DE0D800980965 /* TipCalculator.app */,
			);
			name = Products;
			sourceTree = "<group>";
		};
		426BD1D51D1DE0D800980965 /* TipCalculator */ = {
			isa = PBXGroup;
			children = (
				426BD1D61D1DE0D800980965 /* AppDelegate.swift */,
				426BD1D81D1DE0D800980965 /* ViewController.swift */,
				426BD1E81D1DE38E00980965 /* Bangla MN.ttf */,
				426BD1DA1D1DE0D800980965 /* Main.storyboard */,
				426BD1DD1D1DE0D800980965 /* Assets.xcassets */,
				426BD1DF1D1DE0D800980965 /* LaunchScreen.storyboard */,
				426BD1E21D1DE0D800980965 /* Info.plist */,
			);
			path = TipCalculator;
			sourceTree = "<group>";
		};
/* End PBXGroup section */

/* Begin PBXNativeTarget section */
		426BD1D21D1DE0D800980965 /* TipCalculator */ = {
			isa = PBXNativeTarget;
			buildConfigurationList = 426BD1E51D1DE0D800980965 /* Build configuration list for PBXNativeTarget "TipCalculator" */;
			buildPhases = (
				426BD1CF1D1DE0D800980965 /* Sources */,
				426BD1D01D1DE0D800980965 /* Frameworks */,
				426BD1D11D1DE0D800980965 /* Resources */,
			);
			buildRules = (
			);
			dependencies = (
			);
			name = TipCalculator;
			productName = TipCalculator;
			productReference = 426BD1D31D1DE0D800980965 /* TipCalculator.app */;
			productType = "com.apple.product-type.application";
		};
/* End PBXNativeTarget section */

/* Begin PBXProject section */
		426BD1CB1D1DE0D800980965 /* Project object */ = {
			isa = PBXProject;
			attributes = {
				LastSwiftUpdateCheck = 0730;
				LastUpgradeCheck = 0730;
				ORGANIZATIONNAME = MCP;
				TargetAttributes = {
					426BD1D21D1DE0D800980965 = {
						CreatedOnToolsVersion = 7.3.1;
						DevelopmentTeam = QF43K5VRQT;
					};
				};
			};
			buildConfigurationList = 426BD1CE1D1DE0D800980965 /* Build configuration list for PBXProject "TipCalculator" */;
			compatibilityVersion = "Xcode 3.2";
			developmentRegion = English;
			hasScannedForEncodings = 0;
			knownRegions = (
				en,
				Base,
			);
			mainGroup = 426BD1CA1D1DE0D800980965;
			productRefGroup = 426BD1D41D1DE0D800980965 /* Products */;
			projectDirPath = "";
			projectRoot = "";
			targets = (
				426BD1D21D1DE0D800980965 /* TipCalculator */,
			);
		};
/* End PBXProject section */

/* Begin PBXResourcesBuildPhase section */
		426BD1D11D1DE0D800980965 /* Resources */ = {
			isa = PBXResourcesBuildPhase;
			buildActionMask = 2147483647;
			files = (
				426BD1E11D1DE0D800980965 /* LaunchScreen.storyboard in Resources */,
				426BD1DE1D1DE0D800980965 /* Assets.xcassets in Resources */,
				426BD1DC1D1DE0D800980965 /* Main.storyboard in Resources */,
			);
			runOnlyForDeploymentPostprocessing = 0;
		};
/* End PBXResourcesBuildPhase section */

/* Begin PBXSourcesBuildPhase section */
		426BD1CF1D1DE0D800980965 /* Sources */ = {
			isa = PBXSourcesBuildPhase;
			buildActionMask = 2147483647;
			files = (
				426BD1D91D1DE0D800980965 /* ViewController.swift in Sources */,
				426BD1D71D1DE0D800980965 /* AppDelegate.swift in Sources */,
			);
			runOnlyForDeploymentPostprocessing = 0;
		};
/* End PBXSourcesBuildPhase section */

/* Begin PBXVariantGroup section */
		426BD1DA1D1DE0D800980965 /* Main.storyboard */ = {
			isa = PBXVariantGroup;
			children = (
				426BD1DB1D1DE0D800980965 /* Base */,
			);
			name = Main.storyboard;
			sourceTree = "<group>";
		};
		426BD1DF1D1DE0D800980965 /* LaunchScreen.storyboard */ = {
			isa = PBXVariantGroup;
			children = (
				426BD1E01D1DE0D800980965 /* Base */,
			);
			name = LaunchScreen.storyboard;
			sourceTree = "<group>";
		};
/* End PBXVariantGroup section */

/* Begin XCBuildConfiguration section */
		426BD1E31D1DE0D800980965 /* Debug */ = {
			isa = XCBuildConfiguration;
			buildSettings = {
				ALWAYS_SEARCH_USER_PATHS = NO;
				CLANG_ANALYZER_NONNULL = YES;
				CLANG_CXX_LANGUAGE_STANDARD = "gnu++0x";
				CLANG_CXX_LIBRARY = "libc++";
				CLANG_ENABLE_MODULES = YES;
				CLANG_ENABLE_OBJC_ARC = YES;
				CLANG_WARN_BOOL_CONVERSION = YES;
				CLANG_WARN_CONSTANT_CONVERSION = YES;
				CLANG_WARN_DIRECT_OBJC_ISA_USAGE = YES_ERROR;
				CLANG_WARN_EMPTY_BODY = YES;
				CLANG_WARN_ENUM_CONVERSION = YES;
				CLANG_WARN_INT_CONVERSION = YES;
				CLANG_WARN_OBJC_ROOT_CLASS = YES_ERROR;
				CLANG_WARN_UNREACHABLE_CODE = YES;
				CLANG_WARN__DUPLICATE_METHOD_MATCH = YES;
				"CODE_SIGN_IDENTITY[sdk=iphoneos*]" = "iPhone Developer";
				COPY_PHASE_STRIP = NO;
				DEBUG_INFORMATION_FORMAT = dwarf;
				ENABLE_STRICT_OBJC_MSGSEND = YES;
				ENABLE_TESTABILITY = YES;
				GCC_C_LANGUAGE_STANDARD = gnu99;
				GCC_DYNAMIC_NO_PIC = NO;
				GCC_NO_COMMON_BLOCKS = YES;
				GCC_OPTIMIZATION_LEVEL = 0;
				GCC_PREPROCESSOR_DEFINITIONS = (
					"DEBUG=1",
					"$(inherited)",
				);
				GCC_WARN_64_TO_32_BIT_CONVERSION = YES;
				GCC_WARN_ABOUT_RETURN_TYPE = YES_ERROR;
				GCC_WARN_UNDECLARED_SELECTOR = YES;
				GCC_WARN_UNINITIALIZED_AUTOS = YES_AGGRESSIVE;
				GCC_WARN_UNUSED_FUNCTION = YES;
				GCC_WARN_UNUSED_VARIABLE = YES;
				IPHONEOS_DEPLOYMENT_TARGET = 9.3;
				MTL_ENABLE_DEBUG_INFO = YES;
				ONLY_ACTIVE_ARCH = YES;
				SDKROOT = iphoneos;
				SWIFT_OPTIMIZATION_LEVEL = "-Onone";
				TARGETED_DEVICE_FAMILY = "1,2";
			};
			name = Debug;
		};
		426BD1E41D1DE0D800980965 /* Release */ = {
			isa = XCBuildConfiguration;
			buildSettings = {
				ALWAYS_SEARCH_USER_PATHS = NO;
				CLANG_ANALYZER_NONNULL = YES;
				CLANG_CXX_LANGUAGE_STANDARD = "gnu++0x";
				CLANG_CXX_LIBRARY = "libc++";
				CLANG_ENABLE_MODULES = YES;
				CLANG_ENABLE_OBJC_ARC = YES;
				CLANG_WARN_BOOL_CONVERSION = YES;
				CLANG_WARN_CONSTANT_CONVERSION = YES;
				CLANG_WARN_DIRECT_OBJC_ISA_USAGE = YES_ERROR;
				CLANG_WARN_EMPTY_BODY = YES;
				CLANG_WARN_ENUM_CONVERSION = YES;
				CLANG_WARN_INT_CONVERSION = YES;
				CLANG_WARN_OBJC_ROOT_CLASS = YES_ERROR;
				CLANG_WARN_UNREACHABLE_CODE = YES;
				CLANG_WARN__DUPLICATE_METHOD_MATCH = YES;
				"CODE_SIGN_IDENTITY[sdk=iphoneos*]" = "iPhone Developer";
				COPY_PHASE_STRIP = NO;
				DEBUG_INFORMATION_FORMAT = "dwarf-with-dsym";
				ENABLE_NS_ASSERTIONS = NO;
				ENABLE_STRICT_OBJC_MSGSEND = YES;
				GCC_C_LANGUAGE_STANDARD = gnu99;
				GCC_NO_COMMON_BLOCKS = YES;
				GCC_WARN_64_TO_32_BIT_CONVERSION = YES;
				GCC_WARN_ABOUT_RETURN_TYPE = YES_ERROR;
				GCC_WARN_UNDECLARED_SELECTOR = YES;
				GCC_WARN_UNINITIALIZED_AUTOS = YES_AGGRESSIVE;
				GCC_WARN_UNUSED_FUNCTION = YES;
				GCC_WARN_UNUSED_VARIABLE = YES;
				IPHONEOS_DEPLOYMENT_TARGET = 9.3;
				MTL_ENABLE_DEBUG_INFO = NO;
				SDKROOT = iphoneos;
				TARGETED_DEVICE_FAMILY = "1,2";
				VALIDATE_PRODUCT = YES;
			};
			name = Release;
		};
		426BD1E61D1DE0D800980965 /* Debug */ = {
			isa = XCBuildConfiguration;
			buildSettings = {
				ASSETCATALOG_COMPILER_APPICON_NAME = AppIcon;
				CODE_SIGN_IDENTITY = "iPhone Developer";
				"CODE_SIGN_IDENTITY[sdk=iphoneos*]" = "iPhone Developer";
				INFOPLIST_FILE = TipCalculator/Info.plist;
				LD_RUNPATH_SEARCH_PATHS = "$(inherited) @executable_path/Frameworks";
				PRODUCT_BUNDLE_IDENTIFIER = parrish.TipCalculator;
				PRODUCT_NAME = "$(TARGET_NAME)";
				PROVISIONING_PROFILE = "";
			};
			name = Debug;
		};
		426BD1E71D1DE0D800980965 /* Release */ = {
			isa = XCBuildConfiguration;
			buildSettings = {
				ASSETCATALOG_COMPILER_APPICON_NAME = AppIcon;
				CODE_SIGN_IDENTITY = "iPhone Developer";
				"CODE_SIGN_IDENTITY[sdk=iphoneos*]" = "iPhone Developer";
				INFOPLIST_FILE = TipCalculator/Info.plist;
				LD_RUNPATH_SEARCH_PATHS = "$(inherited) @executable_path/Frameworks";
				PRODUCT_BUNDLE_IDENTIFIER = parrish.TipCalculator;
				PRODUCT_NAME = "$(TARGET_NAME)";
				PROVISIONING_PROFILE = "";
			};
			name = Release;
		};
/* End XCBuildConfiguration section */

/* Begin XCConfigurationList section */
		426BD1CE1D1DE0D800980965 /* Build configuration list for PBXProject "TipCalculator" */ = {
			isa = XCConfigurationList;
			buildConfigurations = (
				426BD1E31D1DE0D800980965 /* Debug */,
				426BD1E41D1DE0D800980965 /* Release */,
			);
			defaultConfigurationIsVisible = 0;
			defaultConfigurationName = Release;
		};
		426BD1E51D1DE0D800980965 /* Build configuration list for PBXNativeTarget "TipCalculator" */ = {
			isa = XCConfigurationList;
			buildConfigurations = (
				426BD1E61D1DE0D800980965 /* Debug */,
				426BD1E71D1DE0D800980965 /* Release */,
			);
			defaultConfigurationIsVisible = 0;
		};
/* End XCConfigurationList section */
	};
	rootObject = 426BD1CB1D1DE0D800980965 /* Project object */;
}
